# This file is automatically @generated by Cargo.
# It is not intended for manual editing.
version = 3

[[package]]
name = "prelude"
version = "0.2.1"
source = "registry+https://github.com/rust-lang/crates.io-index"
checksum = "c70d2a17efd6d4063aa8a13d2ce7b0ceeef96ed9e2138c2803f7f4f9824c2cbb"

[[package]]
name = "webster"
version = "0.1.0"
dependencies = [
 "prelude",
]
